
Microsoft Visual Studio Solution File, Format Version 12.00
# Visual Studio Version 16
VisualStudioVersion = 16.0.32126.315
MinimumVisualStudioVersion = 10.0.40219.1
Project("{FAE04EC0-301F-11D3-BF4B-00C04F79EFBC}") = "View", "View\View.csproj", "{9A7BBE95-4B17-4B20-B16E-4E3412D71543}"
EndProject
Project("{FAE04EC0-301F-11D3-BF4B-00C04F79EFBC}") = "Model", "Model\Model.csproj", "{E4ACC4AD-5751-4258-A74B-0F52041AD540}"
EndProject
Project("{FAE04EC0-301F-11D3-BF4B-00C04F79EFBC}") = "ViewModel", "ViewModel\ViewModel.csproj", "{DBA5C276-1459-4379-BE45-4508DF0CE8E1}"
EndProject
Project("{FAE04EC0-301F-11D3-BF4B-00C04F79EFBC}") = "Cells", "Cells\Cells.csproj", "{71104A1D-8E8F-4CD9-B142-06DD0A019AAB}"
EndProject
Global
	GlobalSection(SolutionConfigurationPlatforms) = preSolution
		Debug|Any CPU = Debug|Any CPU
		Release|Any CPU = Release|Any CPU
	EndGlobalSection
	GlobalSection(ProjectConfigurationPlatforms) = postSolution
		{9A7BBE95-4B17-4B20-B16E-4E3412D71543}.Debug|Any CPU.ActiveCfg = Debug|Any CPU
		{9A7BBE95-4B17-4B20-B16E-4E3412D71543}.Debug|Any CPU.Build.0 = Debug|Any CPU
		{9A7BBE95-4B17-4B20-B16E-4E3412D71543}.Release|Any CPU.ActiveCfg = Release|Any CPU
		{9A7BBE95-4B17-4B20-B16E-4E3412D71543}.Release|Any CPU.Build.0 = Release|Any CPU
		{E4ACC4AD-5751-4258-A74B-0F52041AD540}.Debug|Any CPU.ActiveCfg = Debug|Any CPU
		{E4ACC4AD-5751-4258-A74B-0F52041AD540}.Debug|Any CPU.Build.0 = Debug|Any CPU
		{E4ACC4AD-5751-4258-A74B-0F52041AD540}.Release|Any CPU.ActiveCfg = Release|Any CPU
		{E4ACC4AD-5751-4258-A74B-0F52041AD540}.Release|Any CPU.Build.0 = Release|Any CPU
		{DBA5C276-1459-4379-BE45-4508DF0CE8E1}.Debug|Any CPU.ActiveCfg = Debug|Any CPU
		{DBA5C276-1459-4379-BE45-4508DF0CE8E1}.Debug|Any CPU.Build.0 = Debug|Any CPU
		{DBA5C276-1459-4379-BE45-4508DF0CE8E1}.Release|Any CPU.ActiveCfg = Release|Any CPU
		{DBA5C276-1459-4379-BE45-4508DF0CE8E1}.Release|Any CPU.Build.0 = Release|Any CPU
		{71104A1D-8E8F-4CD9-B142-06DD0A019AAB}.Debug|Any CPU.ActiveCfg = Debug|Any CPU
		{71104A1D-8E8F-4CD9-B142-06DD0A019AAB}.Debug|Any CPU.Build.0 = Debug|Any CPU
		{71104A1D-8E8F-4CD9-B142-06DD0A019AAB}.Release|Any CPU.ActiveCfg = Release|Any CPU
		{71104A1D-8E8F-4CD9-B142-06DD0A019AAB}.Release|Any CPU.Build.0 = Release|Any CPU
	EndGlobalSection
	GlobalSection(SolutionProperties) = preSolution
		HideSolutionNode = FALSE
	EndGlobalSection
	GlobalSection(ExtensibilityGlobals) = postSolution
		SolutionGuid = {478F7FE9-8779-4E4A-B79E-DE2BE0681CAA}
	EndGlobalSection
EndGlobal
